
Microsoft Visual Studio Solution File, Format Version 12.00
# Visual Studio Version 17
VisualStudioVersion = 17.0.31903.59
MinimumVisualStudioVersion = 10.0.40219.1
Project("{FAE04EC0-301F-11D3-BF4B-00C04F79EFBC}") = "PerformanceTester.IntegrationTesting", "PerformanceTester.IntegrationTesting\PerformanceTester.IntegrationTesting.csproj", "{11EF05FB-6038-46C6-B517-D93ADE544817}"
EndProject
Project("{FAE04EC0-301F-11D3-BF4B-00C04F79EFBC}") = "PerformanceTester.IntegrationTesting.Tests", "PerformanceTester.IntegrationTesting.Tests\PerformanceTester.IntegrationTesting.Tests.csproj", "{68F50BB6-5EB4-46E2-9E26-AE6734010CBF}"
EndProject
Project("{FAE04EC0-301F-11D3-BF4B-00C04F79EFBC}") = "PerformanceTester.Infrastructure", "PerformanceTester.Infrastructure\PerformanceTester.Infrastructure.csproj", "{FBA43112-ECB3-4D38-86C4-3C00E4EE2A9B}"
EndProject
Project("{FAE04EC0-301F-11D3-BF4B-00C04F79EFBC}") = "PerformanceTester.Infrastructure.IntegrationTests", "PerformanceTester.Infrastructure.IntegrationTests\PerformanceTester.Infrastructure.IntegrationTests.csproj", "{19AEA2B1-FEB8-4B46-9EFD-89DA9DD1E954}"
EndProject
Project("{FAE04EC0-301F-11D3-BF4B-00C04F79EFBC}") = "PerformanceTester.EventPublishing", "PerformanceTester.EventPublishing\PerformanceTester.EventPublishing.csproj", "{5B612E43-D2F9-44F1-A7C1-BCCD7C262C82}"
EndProject
Project("{FAE04EC0-301F-11D3-BF4B-00C04F79EFBC}") = "PerformanceTester.EventPublishing.IntegrationTests", "PerformanceTester.EventPublishing.IntegrationTests\PerformanceTester.EventPublishing.IntegrationTests.csproj", "{75F8E6A7-A05F-4127-91E3-B54C43A1493E}"
EndProject
Project("{FAE04EC0-301F-11D3-BF4B-00C04F79EFBC}") = "PerformanceTester.EventConsuming", "PerformanceTester.EventConsuming\PerformanceTester.EventConsuming.csproj", "{ABE04814-055E-4042-A400-276112193071}"
EndProject
Project("{FAE04EC0-301F-11D3-BF4B-00C04F79EFBC}") = "PerformanceTester.EventConsuming.IntegrationTests", "PerformanceTester.EventConsuming.IntegrationTests\PerformanceTester.EventConsuming.IntegrationTests.csproj", "{6AE19008-CDF8-42EE-BF7A-C6A16AE44447}"
EndProject
Project("{FAE04EC0-301F-11D3-BF4B-00C04F79EFBC}") = "PerformanceTester.ProcessMonitoring", "PerformanceTester.ProcessMonitoring\PerformanceTester.ProcessMonitoring.csproj", "{24F7AC92-1391-4F32-9006-F774E0D9DEEE}"
EndProject
Project("{FAE04EC0-301F-11D3-BF4B-00C04F79EFBC}") = "PerformanceTester.ProcessMonitoring.IntegrationTests", "PerformanceTester.ProcessMonitoring.IntegrationTests\PerformanceTester.ProcessMonitoring.IntegrationTests.csproj", "{3A277345-FFD7-4BE2-BE7A-80DFD0C7A975}"
EndProject
Project("{FAE04EC0-301F-11D3-BF4B-00C04F79EFBC}") = "PerformanceTester.DockerMonitoring", "PerformanceTester.DockerMonitoring\PerformanceTester.DockerMonitoring.csproj", "{3D2A214A-2B37-4F7E-8C37-BD4FE1FB20A8}"
EndProject
Project("{FAE04EC0-301F-11D3-BF4B-00C04F79EFBC}") = "PerformanceTester.DockerMonitoring.IntegrationTests", "PerformanceTester.DockerMonitoring.IntegrationTests\PerformanceTester.DockerMonitoring.IntegrationTests.csproj", "{3EB3450D-E86A-426B-9107-2E7407B0CAEB}"
EndProject
Project("{FAE04EC0-301F-11D3-BF4B-00C04F79EFBC}") = "PerformanceTester.ApiLoadTesting", "PerformanceTester.ApiLoadTesting\PerformanceTester.ApiLoadTesting.csproj", "{0DFE55A2-CFE1-4781-B751-C191A7E82BBB}"
EndProject
Project("{FAE04EC0-301F-11D3-BF4B-00C04F79EFBC}") = "PerformanceTester.ApiLoadTesting.IntegrationTests", "PerformanceTester.ApiLoadTesting.IntegrationTests\PerformanceTester.ApiLoadTesting.IntegrationTests.csproj", "{06DF6024-0D98-464E-9428-041D0C88D9EB}"
EndProject
Project("{FAE04EC0-301F-11D3-BF4B-00C04F79EFBC}") = "PerformanceTester.Common", "PerformanceTester.Common\PerformanceTester.Common.csproj", "{C464C1EB-38A7-4741-B0F2-39568AE1F17E}"
EndProject
Project("{FAE04EC0-301F-11D3-BF4B-00C04F79EFBC}") = "PerformanceTester.Reporting", "PerformanceTester.Reporting\PerformanceTester.Reporting.csproj", "{5125AA9F-6F8E-4454-ACAB-690692F05B49}"
EndProject
Project("{FAE04EC0-301F-11D3-BF4B-00C04F79EFBC}") = "PerformanceTester.Reporting.IntegrationTests", "PerformanceTester.Reporting.IntegrationTests\PerformanceTester.Reporting.IntegrationTests.csproj", "{AE986FDE-4BB7-44F0-9D53-AE38FC407D9A}"
EndProject
Project("{FAE04EC0-301F-11D3-BF4B-00C04F79EFBC}") = "PerformanceTester.Orchestration", "PerformanceTester.Orchestration\PerformanceTester.Orchestration.csproj", "{CD5FD97C-CF3D-4D19-B7F7-71833DB9FB51}"
EndProject
Project("{FAE04EC0-301F-11D3-BF4B-00C04F79EFBC}") = "PerformanceTester.Orchestration.IntegrationTests", "PerformanceTester.Orchestration.IntegrationTests\PerformanceTester.Orchestration.IntegrationTests.csproj", "{BE84B3B1-136B-435B-890D-285E30D624F2}"
EndProject
Global
	GlobalSection(SolutionConfigurationPlatforms) = preSolution
		Debug|Any CPU = Debug|Any CPU
		Debug|x64 = Debug|x64
		Debug|x86 = Debug|x86
		Release|Any CPU = Release|Any CPU
		Release|x64 = Release|x64
		Release|x86 = Release|x86
	EndGlobalSection
	GlobalSection(ProjectConfigurationPlatforms) = postSolution
		{11EF05FB-6038-46C6-B517-D93ADE544817}.Debug|Any CPU.ActiveCfg = Debug|Any CPU
		{11EF05FB-6038-46C6-B517-D93ADE544817}.Debug|Any CPU.Build.0 = Debug|Any CPU
		{11EF05FB-6038-46C6-B517-D93ADE544817}.Debug|x64.ActiveCfg = Debug|Any CPU
		{11EF05FB-6038-46C6-B517-D93ADE544817}.Debug|x64.Build.0 = Debug|Any CPU
		{11EF05FB-6038-46C6-B517-D93ADE544817}.Debug|x86.ActiveCfg = Debug|Any CPU
		{11EF05FB-6038-46C6-B517-D93ADE544817}.Debug|x86.Build.0 = Debug|Any CPU
		{11EF05FB-6038-46C6-B517-D93ADE544817}.Release|Any CPU.ActiveCfg = Release|Any CPU
		{11EF05FB-6038-46C6-B517-D93ADE544817}.Release|Any CPU.Build.0 = Release|Any CPU
		{11EF05FB-6038-46C6-B517-D93ADE544817}.Release|x64.ActiveCfg = Release|Any CPU
		{11EF05FB-6038-46C6-B517-D93ADE544817}.Release|x64.Build.0 = Release|Any CPU
		{11EF05FB-6038-46C6-B517-D93ADE544817}.Release|x86.ActiveCfg = Release|Any CPU
		{11EF05FB-6038-46C6-B517-D93ADE544817}.Release|x86.Build.0 = Release|Any CPU
		{68F50BB6-5EB4-46E2-9E26-AE6734010CBF}.Debug|Any CPU.ActiveCfg = Debug|Any CPU
		{68F50BB6-5EB4-46E2-9E26-AE6734010CBF}.Debug|Any CPU.Build.0 = Debug|Any CPU
		{68F50BB6-5EB4-46E2-9E26-AE6734010CBF}.Debug|x64.ActiveCfg = Debug|Any CPU
		{68F50BB6-5EB4-46E2-9E26-AE6734010CBF}.Debug|x64.Build.0 = Debug|Any CPU
		{68F50BB6-5EB4-46E2-9E26-AE6734010CBF}.Debug|x86.ActiveCfg = Debug|Any CPU
		{68F50BB6-5EB4-46E2-9E26-AE6734010CBF}.Debug|x86.Build.0 = Debug|Any CPU
		{68F50BB6-5EB4-46E2-9E26-AE6734010CBF}.Release|Any CPU.ActiveCfg = Release|Any CPU
		{68F50BB6-5EB4-46E2-9E26-AE6734010CBF}.Release|Any CPU.Build.0 = Release|Any CPU
		{68F50BB6-5EB4-46E2-9E26-AE6734010CBF}.Release|x64.ActiveCfg = Release|Any CPU
		{68F50BB6-5EB4-46E2-9E26-AE6734010CBF}.Release|x64.Build.0 = Release|Any CPU
		{68F50BB6-5EB4-46E2-9E26-AE6734010CBF}.Release|x86.ActiveCfg = Release|Any CPU
		{68F50BB6-5EB4-46E2-9E26-AE6734010CBF}.Release|x86.Build.0 = Release|Any CPU
		{FBA43112-ECB3-4D38-86C4-3C00E4EE2A9B}.Debug|Any CPU.ActiveCfg = Debug|Any CPU
		{FBA43112-ECB3-4D38-86C4-3C00E4EE2A9B}.Debug|Any CPU.Build.0 = Debug|Any CPU
		{FBA43112-ECB3-4D38-86C4-3C00E4EE2A9B}.Debug|x64.ActiveCfg = Debug|Any CPU
		{FBA43112-ECB3-4D38-86C4-3C00E4EE2A9B}.Debug|x64.Build.0 = Debug|Any CPU
		{FBA43112-ECB3-4D38-86C4-3C00E4EE2A9B}.Debug|x86.ActiveCfg = Debug|Any CPU
		{FBA43112-ECB3-4D38-86C4-3C00E4EE2A9B}.Debug|x86.Build.0 = Debug|Any CPU
		{FBA43112-ECB3-4D38-86C4-3C00E4EE2A9B}.Release|Any CPU.ActiveCfg = Release|Any CPU
		{FBA43112-ECB3-4D38-86C4-3C00E4EE2A9B}.Release|Any CPU.Build.0 = Release|Any CPU
		{FBA43112-ECB3-4D38-86C4-3C00E4EE2A9B}.Release|x64.ActiveCfg = Release|Any CPU
		{FBA43112-ECB3-4D38-86C4-3C00E4EE2A9B}.Release|x64.Build.0 = Release|Any CPU
		{FBA43112-ECB3-4D38-86C4-3C00E4EE2A9B}.Release|x86.ActiveCfg = Release|Any CPU
		{FBA43112-ECB3-4D38-86C4-3C00E4EE2A9B}.Release|x86.Build.0 = Release|Any CPU
		{19AEA2B1-FEB8-4B46-9EFD-89DA9DD1E954}.Debug|Any CPU.ActiveCfg = Debug|Any CPU
		{19AEA2B1-FEB8-4B46-9EFD-89DA9DD1E954}.Debug|Any CPU.Build.0 = Debug|Any CPU
		{19AEA2B1-FEB8-4B46-9EFD-89DA9DD1E954}.Debug|x64.ActiveCfg = Debug|Any CPU
		{19AEA2B1-FEB8-4B46-9EFD-89DA9DD1E954}.Debug|x64.Build.0 = Debug|Any CPU
		{19AEA2B1-FEB8-4B46-9EFD-89DA9DD1E954}.Debug|x86.ActiveCfg = Debug|Any CPU
		{19AEA2B1-FEB8-4B46-9EFD-89DA9DD1E954}.Debug|x86.Build.0 = Debug|Any CPU
		{19AEA2B1-FEB8-4B46-9EFD-89DA9DD1E954}.Release|Any CPU.ActiveCfg = Release|Any CPU
		{19AEA2B1-FEB8-4B46-9EFD-89DA9DD1E954}.Release|Any CPU.Build.0 = Release|Any CPU
		{19AEA2B1-FEB8-4B46-9EFD-89DA9DD1E954}.Release|x64.ActiveCfg = Release|Any CPU
		{19AEA2B1-FEB8-4B46-9EFD-89DA9DD1E954}.Release|x64.Build.0 = Release|Any CPU
		{19AEA2B1-FEB8-4B46-9EFD-89DA9DD1E954}.Release|x86.ActiveCfg = Release|Any CPU
		{19AEA2B1-FEB8-4B46-9EFD-89DA9DD1E954}.Release|x86.Build.0 = Release|Any CPU
		{5B612E43-D2F9-44F1-A7C1-BCCD7C262C82}.Debug|Any CPU.ActiveCfg = Debug|Any CPU
		{5B612E43-D2F9-44F1-A7C1-BCCD7C262C82}.Debug|Any CPU.Build.0 = Debug|Any CPU
		{5B612E43-D2F9-44F1-A7C1-BCCD7C262C82}.Debug|x64.ActiveCfg = Debug|Any CPU
		{5B612E43-D2F9-44F1-A7C1-BCCD7C262C82}.Debug|x64.Build.0 = Debug|Any CPU
		{5B612E43-D2F9-44F1-A7C1-BCCD7C262C82}.Debug|x86.ActiveCfg = Debug|Any CPU
		{5B612E43-D2F9-44F1-A7C1-BCCD7C262C82}.Debug|x86.Build.0 = Debug|Any CPU
		{5B612E43-D2F9-44F1-A7C1-BCCD7C262C82}.Release|Any CPU.ActiveCfg = Release|Any CPU
		{5B612E43-D2F9-44F1-A7C1-BCCD7C262C82}.Release|Any CPU.Build.0 = Release|Any CPU
		{5B612E43-D2F9-44F1-A7C1-BCCD7C262C82}.Release|x64.ActiveCfg = Release|Any CPU
		{5B612E43-D2F9-44F1-A7C1-BCCD7C262C82}.Release|x64.Build.0 = Release|Any CPU
		{5B612E43-D2F9-44F1-A7C1-BCCD7C262C82}.Release|x86.ActiveCfg = Release|Any CPU
		{5B612E43-D2F9-44F1-A7C1-BCCD7C262C82}.Release|x86.Build.0 = Release|Any CPU
		{75F8E6A7-A05F-4127-91E3-B54C43A1493E}.Debug|Any CPU.ActiveCfg = Debug|Any CPU
		{75F8E6A7-A05F-4127-91E3-B54C43A1493E}.Debug|Any CPU.Build.0 = Debug|Any CPU
		{75F8E6A7-A05F-4127-91E3-B54C43A1493E}.Debug|x64.ActiveCfg = Debug|Any CPU
		{75F8E6A7-A05F-4127-91E3-B54C43A1493E}.Debug|x64.Build.0 = Debug|Any CPU
		{75F8E6A7-A05F-4127-91E3-B54C43A1493E}.Debug|x86.ActiveCfg = Debug|Any CPU
		{75F8E6A7-A05F-4127-91E3-B54C43A1493E}.Debug|x86.Build.0 = Debug|Any CPU
		{75F8E6A7-A05F-4127-91E3-B54C43A1493E}.Release|Any CPU.ActiveCfg = Release|Any CPU
		{75F8E6A7-A05F-4127-91E3-B54C43A1493E}.Release|Any CPU.Build.0 = Release|Any CPU
		{75F8E6A7-A05F-4127-91E3-B54C43A1493E}.Release|x64.ActiveCfg = Release|Any CPU
		{75F8E6A7-A05F-4127-91E3-B54C43A1493E}.Release|x64.Build.0 = Release|Any CPU
		{75F8E6A7-A05F-4127-91E3-B54C43A1493E}.Release|x86.ActiveCfg = Release|Any CPU
		{75F8E6A7-A05F-4127-91E3-B54C43A1493E}.Release|x86.Build.0 = Release|Any CPU
		{ABE04814-055E-4042-A400-276112193071}.Debug|Any CPU.ActiveCfg = Debug|Any CPU
		{ABE04814-055E-4042-A400-276112193071}.Debug|Any CPU.Build.0 = Debug|Any CPU
		{ABE04814-055E-4042-A400-276112193071}.Debug|x64.ActiveCfg = Debug|Any CPU
		{ABE04814-055E-4042-A400-276112193071}.Debug|x64.Build.0 = Debug|Any CPU
		{ABE04814-055E-4042-A400-276112193071}.Debug|x86.ActiveCfg = Debug|Any CPU
		{ABE04814-055E-4042-A400-276112193071}.Debug|x86.Build.0 = Debug|Any CPU
		{ABE04814-055E-4042-A400-276112193071}.Release|Any CPU.ActiveCfg = Release|Any CPU
		{ABE04814-055E-4042-A400-276112193071}.Release|Any CPU.Build.0 = Release|Any CPU
		{ABE04814-055E-4042-A400-276112193071}.Release|x64.ActiveCfg = Release|Any CPU
		{ABE04814-055E-4042-A400-276112193071}.Release|x64.Build.0 = Release|Any CPU
		{ABE04814-055E-4042-A400-276112193071}.Release|x86.ActiveCfg = Release|Any CPU
		{ABE04814-055E-4042-A400-276112193071}.Release|x86.Build.0 = Release|Any CPU
		{6AE19008-CDF8-42EE-BF7A-C6A16AE44447}.Debug|Any CPU.ActiveCfg = Debug|Any CPU
		{6AE19008-CDF8-42EE-BF7A-C6A16AE44447}.Debug|Any CPU.Build.0 = Debug|Any CPU
		{6AE19008-CDF8-42EE-BF7A-C6A16AE44447}.Debug|x64.ActiveCfg = Debug|Any CPU
		{6AE19008-CDF8-42EE-BF7A-C6A16AE44447}.Debug|x64.Build.0 = Debug|Any CPU
		{6AE19008-CDF8-42EE-BF7A-C6A16AE44447}.Debug|x86.ActiveCfg = Debug|Any CPU
		{6AE19008-CDF8-42EE-BF7A-C6A16AE44447}.Debug|x86.Build.0 = Debug|Any CPU
		{6AE19008-CDF8-42EE-BF7A-C6A16AE44447}.Release|Any CPU.ActiveCfg = Release|Any CPU
		{6AE19008-CDF8-42EE-BF7A-C6A16AE44447}.Release|Any CPU.Build.0 = Release|Any CPU
		{6AE19008-CDF8-42EE-BF7A-C6A16AE44447}.Release|x64.ActiveCfg = Release|Any CPU
		{6AE19008-CDF8-42EE-BF7A-C6A16AE44447}.Release|x64.Build.0 = Release|Any CPU
		{6AE19008-CDF8-42EE-BF7A-C6A16AE44447}.Release|x86.ActiveCfg = Release|Any CPU
		{6AE19008-CDF8-42EE-BF7A-C6A16AE44447}.Release|x86.Build.0 = Release|Any CPU
		{24F7AC92-1391-4F32-9006-F774E0D9DEEE}.Debug|Any CPU.ActiveCfg = Debug|Any CPU
		{24F7AC92-1391-4F32-9006-F774E0D9DEEE}.Debug|Any CPU.Build.0 = Debug|Any CPU
		{24F7AC92-1391-4F32-9006-F774E0D9DEEE}.Debug|x64.ActiveCfg = Debug|Any CPU
		{24F7AC92-1391-4F32-9006-F774E0D9DEEE}.Debug|x64.Build.0 = Debug|Any CPU
		{24F7AC92-1391-4F32-9006-F774E0D9DEEE}.Debug|x86.ActiveCfg = Debug|Any CPU
		{24F7AC92-1391-4F32-9006-F774E0D9DEEE}.Debug|x86.Build.0 = Debug|Any CPU
		{24F7AC92-1391-4F32-9006-F774E0D9DEEE}.Release|Any CPU.ActiveCfg = Release|Any CPU
		{24F7AC92-1391-4F32-9006-F774E0D9DEEE}.Release|Any CPU.Build.0 = Release|Any CPU
		{24F7AC92-1391-4F32-9006-F774E0D9DEEE}.Release|x64.ActiveCfg = Release|Any CPU
		{24F7AC92-1391-4F32-9006-F774E0D9DEEE}.Release|x64.Build.0 = Release|Any CPU
		{24F7AC92-1391-4F32-9006-F774E0D9DEEE}.Release|x86.ActiveCfg = Release|Any CPU
		{24F7AC92-1391-4F32-9006-F774E0D9DEEE}.Release|x86.Build.0 = Release|Any CPU
		{3A277345-FFD7-4BE2-BE7A-80DFD0C7A975}.Debug|Any CPU.ActiveCfg = Debug|Any CPU
		{3A277345-FFD7-4BE2-BE7A-80DFD0C7A975}.Debug|Any CPU.Build.0 = Debug|Any CPU
		{3A277345-FFD7-4BE2-BE7A-80DFD0C7A975}.Debug|x64.ActiveCfg = Debug|Any CPU
		{3A277345-FFD7-4BE2-BE7A-80DFD0C7A975}.Debug|x64.Build.0 = Debug|Any CPU
		{3A277345-FFD7-4BE2-BE7A-80DFD0C7A975}.Debug|x86.ActiveCfg = Debug|Any CPU
		{3A277345-FFD7-4BE2-BE7A-80DFD0C7A975}.Debug|x86.Build.0 = Debug|Any CPU
		{3A277345-FFD7-4BE2-BE7A-80DFD0C7A975}.Release|Any CPU.ActiveCfg = Release|Any CPU
		{3A277345-FFD7-4BE2-BE7A-80DFD0C7A975}.Release|Any CPU.Build.0 = Release|Any CPU
		{3A277345-FFD7-4BE2-BE7A-80DFD0C7A975}.Release|x64.ActiveCfg = Release|Any CPU
		{3A277345-FFD7-4BE2-BE7A-80DFD0C7A975}.Release|x64.Build.0 = Release|Any CPU
		{3A277345-FFD7-4BE2-BE7A-80DFD0C7A975}.Release|x86.ActiveCfg = Release|Any CPU
		{3A277345-FFD7-4BE2-BE7A-80DFD0C7A975}.Release|x86.Build.0 = Release|Any CPU
		{3D2A214A-2B37-4F7E-8C37-BD4FE1FB20A8}.Debug|Any CPU.ActiveCfg = Debug|Any CPU
		{3D2A214A-2B37-4F7E-8C37-BD4FE1FB20A8}.Debug|Any CPU.Build.0 = Debug|Any CPU
		{3D2A214A-2B37-4F7E-8C37-BD4FE1FB20A8}.Debug|x64.ActiveCfg = Debug|Any CPU
		{3D2A214A-2B37-4F7E-8C37-BD4FE1FB20A8}.Debug|x64.Build.0 = Debug|Any CPU
		{3D2A214A-2B37-4F7E-8C37-BD4FE1FB20A8}.Debug|x86.ActiveCfg = Debug|Any CPU
		{3D2A214A-2B37-4F7E-8C37-BD4FE1FB20A8}.Debug|x86.Build.0 = Debug|Any CPU
		{3D2A214A-2B37-4F7E-8C37-BD4FE1FB20A8}.Release|Any CPU.ActiveCfg = Release|Any CPU
		{3D2A214A-2B37-4F7E-8C37-BD4FE1FB20A8}.Release|Any CPU.Build.0 = Release|Any CPU
		{3D2A214A-2B37-4F7E-8C37-BD4FE1FB20A8}.Release|x64.ActiveCfg = Release|Any CPU
		{3D2A214A-2B37-4F7E-8C37-BD4FE1FB20A8}.Release|x64.Build.0 = Release|Any CPU
		{3D2A214A-2B37-4F7E-8C37-BD4FE1FB20A8}.Release|x86.ActiveCfg = Release|Any CPU
		{3D2A214A-2B37-4F7E-8C37-BD4FE1FB20A8}.Release|x86.Build.0 = Release|Any CPU
		{3EB3450D-E86A-426B-9107-2E7407B0CAEB}.Debug|Any CPU.ActiveCfg = Debug|Any CPU
		{3EB3450D-E86A-426B-9107-2E7407B0CAEB}.Debug|Any CPU.Build.0 = Debug|Any CPU
		{3EB3450D-E86A-426B-9107-2E7407B0CAEB}.Debug|x64.ActiveCfg = Debug|Any CPU
		{3EB3450D-E86A-426B-9107-2E7407B0CAEB}.Debug|x64.Build.0 = Debug|Any CPU
		{3EB3450D-E86A-426B-9107-2E7407B0CAEB}.Debug|x86.ActiveCfg = Debug|Any CPU
		{3EB3450D-E86A-426B-9107-2E7407B0CAEB}.Debug|x86.Build.0 = Debug|Any CPU
		{3EB3450D-E86A-426B-9107-2E7407B0CAEB}.Release|Any CPU.ActiveCfg = Release|Any CPU
		{3EB3450D-E86A-426B-9107-2E7407B0CAEB}.Release|Any CPU.Build.0 = Release|Any CPU
		{3EB3450D-E86A-426B-9107-2E7407B0CAEB}.Release|x64.ActiveCfg = Release|Any CPU
		{3EB3450D-E86A-426B-9107-2E7407B0CAEB}.Release|x64.Build.0 = Release|Any CPU
		{3EB3450D-E86A-426B-9107-2E7407B0CAEB}.Release|x86.ActiveCfg = Release|Any CPU
		{3EB3450D-E86A-426B-9107-2E7407B0CAEB}.Release|x86.Build.0 = Release|Any CPU
		{0DFE55A2-CFE1-4781-B751-C191A7E82BBB}.Debug|Any CPU.ActiveCfg = Debug|Any CPU
		{0DFE55A2-CFE1-4781-B751-C191A7E82BBB}.Debug|Any CPU.Build.0 = Debug|Any CPU
		{0DFE55A2-CFE1-4781-B751-C191A7E82BBB}.Debug|x64.ActiveCfg = Debug|Any CPU
		{0DFE55A2-CFE1-4781-B751-C191A7E82BBB}.Debug|x64.Build.0 = Debug|Any CPU
		{0DFE55A2-CFE1-4781-B751-C191A7E82BBB}.Debug|x86.ActiveCfg = Debug|Any CPU
		{0DFE55A2-CFE1-4781-B751-C191A7E82BBB}.Debug|x86.Build.0 = Debug|Any CPU
		{0DFE55A2-CFE1-4781-B751-C191A7E82BBB}.Release|Any CPU.ActiveCfg = Release|Any CPU
		{0DFE55A2-CFE1-4781-B751-C191A7E82BBB}.Release|Any CPU.Build.0 = Release|Any CPU
		{0DFE55A2-CFE1-4781-B751-C191A7E82BBB}.Release|x64.ActiveCfg = Release|Any CPU
		{0DFE55A2-CFE1-4781-B751-C191A7E82BBB}.Release|x64.Build.0 = Release|Any CPU
		{0DFE55A2-CFE1-4781-B751-C191A7E82BBB}.Release|x86.ActiveCfg = Release|Any CPU
		{0DFE55A2-CFE1-4781-B751-C191A7E82BBB}.Release|x86.Build.0 = Release|Any CPU
		{06DF6024-0D98-464E-9428-041D0C88D9EB}.Debug|Any CPU.ActiveCfg = Debug|Any CPU
		{06DF6024-0D98-464E-9428-041D0C88D9EB}.Debug|Any CPU.Build.0 = Debug|Any CPU
		{06DF6024-0D98-464E-9428-041D0C88D9EB}.Debug|x64.ActiveCfg = Debug|Any CPU
		{06DF6024-0D98-464E-9428-041D0C88D9EB}.Debug|x64.Build.0 = Debug|Any CPU
		{06DF6024-0D98-464E-9428-041D0C88D9EB}.Debug|x86.ActiveCfg = Debug|Any CPU
		{06DF6024-0D98-464E-9428-041D0C88D9EB}.Debug|x86.Build.0 = Debug|Any CPU
		{06DF6024-0D98-464E-9428-041D0C88D9EB}.Release|Any CPU.ActiveCfg = Release|Any CPU
		{06DF6024-0D98-464E-9428-041D0C88D9EB}.Release|Any CPU.Build.0 = Release|Any CPU
		{06DF6024-0D98-464E-9428-041D0C88D9EB}.Release|x64.ActiveCfg = Release|Any CPU
		{06DF6024-0D98-464E-9428-041D0C88D9EB}.Release|x64.Build.0 = Release|Any CPU
		{06DF6024-0D98-464E-9428-041D0C88D9EB}.Release|x86.ActiveCfg = Release|Any CPU
		{06DF6024-0D98-464E-9428-041D0C88D9EB}.Release|x86.Build.0 = Release|Any CPU
		{C464C1EB-38A7-4741-B0F2-39568AE1F17E}.Debug|Any CPU.ActiveCfg = Debug|Any CPU
		{C464C1EB-38A7-4741-B0F2-39568AE1F17E}.Debug|Any CPU.Build.0 = Debug|Any CPU
		{C464C1EB-38A7-4741-B0F2-39568AE1F17E}.Debug|x64.ActiveCfg = Debug|Any CPU
		{C464C1EB-38A7-4741-B0F2-39568AE1F17E}.Debug|x64.Build.0 = Debug|Any CPU
		{C464C1EB-38A7-4741-B0F2-39568AE1F17E}.Debug|x86.ActiveCfg = Debug|Any CPU
		{C464C1EB-38A7-4741-B0F2-39568AE1F17E}.Debug|x86.Build.0 = Debug|Any CPU
		{C464C1EB-38A7-4741-B0F2-39568AE1F17E}.Release|Any CPU.ActiveCfg = Release|Any CPU
		{C464C1EB-38A7-4741-B0F2-39568AE1F17E}.Release|Any CPU.Build.0 = Release|Any CPU
		{C464C1EB-38A7-4741-B0F2-39568AE1F17E}.Release|x64.ActiveCfg = Release|Any CPU
		{C464C1EB-38A7-4741-B0F2-39568AE1F17E}.Release|x64.Build.0 = Release|Any CPU
		{C464C1EB-38A7-4741-B0F2-39568AE1F17E}.Release|x86.ActiveCfg = Release|Any CPU
		{C464C1EB-38A7-4741-B0F2-39568AE1F17E}.Release|x86.Build.0 = Release|Any CPU
		{5125AA9F-6F8E-4454-ACAB-690692F05B49}.Debug|Any CPU.ActiveCfg = Debug|Any CPU
		{5125AA9F-6F8E-4454-ACAB-690692F05B49}.Debug|Any CPU.Build.0 = Debug|Any CPU
		{5125AA9F-6F8E-4454-ACAB-690692F05B49}.Debug|x64.ActiveCfg = Debug|Any CPU
		{5125AA9F-6F8E-4454-ACAB-690692F05B49}.Debug|x64.Build.0 = Debug|Any CPU
		{5125AA9F-6F8E-4454-ACAB-690692F05B49}.Debug|x86.ActiveCfg = Debug|Any CPU
		{5125AA9F-6F8E-4454-ACAB-690692F05B49}.Debug|x86.Build.0 = Debug|Any CPU
		{5125AA9F-6F8E-4454-ACAB-690692F05B49}.Release|Any CPU.ActiveCfg = Release|Any CPU
		{5125AA9F-6F8E-4454-ACAB-690692F05B49}.Release|Any CPU.Build.0 = Release|Any CPU
		{5125AA9F-6F8E-4454-ACAB-690692F05B49}.Release|x64.ActiveCfg = Release|Any CPU
		{5125AA9F-6F8E-4454-ACAB-690692F05B49}.Release|x64.Build.0 = Release|Any CPU
		{5125AA9F-6F8E-4454-ACAB-690692F05B49}.Release|x86.ActiveCfg = Release|Any CPU
		{5125AA9F-6F8E-4454-ACAB-690692F05B49}.Release|x86.Build.0 = Release|Any CPU
		{AE986FDE-4BB7-44F0-9D53-AE38FC407D9A}.Debug|Any CPU.ActiveCfg = Debug|Any CPU
		{AE986FDE-4BB7-44F0-9D53-AE38FC407D9A}.Debug|Any CPU.Build.0 = Debug|Any CPU
		{AE986FDE-4BB7-44F0-9D53-AE38FC407D9A}.Debug|x64.ActiveCfg = Debug|Any CPU
		{AE986FDE-4BB7-44F0-9D53-AE38FC407D9A}.Debug|x64.Build.0 = Debug|Any CPU
		{AE986FDE-4BB7-44F0-9D53-AE38FC407D9A}.Debug|x86.ActiveCfg = Debug|Any CPU
		{AE986FDE-4BB7-44F0-9D53-AE38FC407D9A}.Debug|x86.Build.0 = Debug|Any CPU
		{AE986FDE-4BB7-44F0-9D53-AE38FC407D9A}.Release|Any CPU.ActiveCfg = Release|Any CPU
		{AE986FDE-4BB7-44F0-9D53-AE38FC407D9A}.Release|Any CPU.Build.0 = Release|Any CPU
		{AE986FDE-4BB7-44F0-9D53-AE38FC407D9A}.Release|x64.ActiveCfg = Release|Any CPU
		{AE986FDE-4BB7-44F0-9D53-AE38FC407D9A}.Release|x64.Build.0 = Release|Any CPU
		{AE986FDE-4BB7-44F0-9D53-AE38FC407D9A}.Release|x86.ActiveCfg = Release|Any CPU
		{AE986FDE-4BB7-44F0-9D53-AE38FC407D9A}.Release|x86.Build.0 = Release|Any CPU
		{CD5FD97C-CF3D-4D19-B7F7-71833DB9FB51}.Debug|Any CPU.ActiveCfg = Debug|Any CPU
		{CD5FD97C-CF3D-4D19-B7F7-71833DB9FB51}.Debug|Any CPU.Build.0 = Debug|Any CPU
		{CD5FD97C-CF3D-4D19-B7F7-71833DB9FB51}.Debug|x64.ActiveCfg = Debug|Any CPU
		{CD5FD97C-CF3D-4D19-B7F7-71833DB9FB51}.Debug|x64.Build.0 = Debug|Any CPU
		{CD5FD97C-CF3D-4D19-B7F7-71833DB9FB51}.Debug|x86.ActiveCfg = Debug|Any CPU
		{CD5FD97C-CF3D-4D19-B7F7-71833DB9FB51}.Debug|x86.Build.0 = Debug|Any CPU
		{CD5FD97C-CF3D-4D19-B7F7-71833DB9FB51}.Release|Any CPU.ActiveCfg = Release|Any CPU
		{CD5FD97C-CF3D-4D19-B7F7-71833DB9FB51}.Release|Any CPU.Build.0 = Release|Any CPU
		{CD5FD97C-CF3D-4D19-B7F7-71833DB9FB51}.Release|x64.ActiveCfg = Release|Any CPU
		{CD5FD97C-CF3D-4D19-B7F7-71833DB9FB51}.Release|x64.Build.0 = Release|Any CPU
		{CD5FD97C-CF3D-4D19-B7F7-71833DB9FB51}.Release|x86.ActiveCfg = Release|Any CPU
		{CD5FD97C-CF3D-4D19-B7F7-71833DB9FB51}.Release|x86.Build.0 = Release|Any CPU
		{BE84B3B1-136B-435B-890D-285E30D624F2}.Debug|Any CPU.ActiveCfg = Debug|Any CPU
		{BE84B3B1-136B-435B-890D-285E30D624F2}.Debug|Any CPU.Build.0 = Debug|Any CPU
		{BE84B3B1-136B-435B-890D-285E30D624F2}.Debug|x64.ActiveCfg = Debug|Any CPU
		{BE84B3B1-136B-435B-890D-285E30D624F2}.Debug|x64.Build.0 = Debug|Any CPU
		{BE84B3B1-136B-435B-890D-285E30D624F2}.Debug|x86.ActiveCfg = Debug|Any CPU
		{BE84B3B1-136B-435B-890D-285E30D624F2}.Debug|x86.Build.0 = Debug|Any CPU
		{BE84B3B1-136B-435B-890D-285E30D624F2}.Release|Any CPU.ActiveCfg = Release|Any CPU
		{BE84B3B1-136B-435B-890D-285E30D624F2}.Release|Any CPU.Build.0 = Release|Any CPU
		{BE84B3B1-136B-435B-890D-285E30D624F2}.Release|x64.ActiveCfg = Release|Any CPU
		{BE84B3B1-136B-435B-890D-285E30D624F2}.Release|x64.Build.0 = Release|Any CPU
		{BE84B3B1-136B-435B-890D-285E30D624F2}.Release|x86.ActiveCfg = Release|Any CPU
		{BE84B3B1-136B-435B-890D-285E30D624F2}.Release|x86.Build.0 = Release|Any CPU
	EndGlobalSection
	GlobalSection(SolutionProperties) = preSolution
		HideSolutionNode = FALSE
	EndGlobalSection
EndGlobal
